
Microsoft Visual Studio Solution File, Format Version 12.00
# Visual Studio Version 17
VisualStudioVersion = 17.5.002.0
MinimumVisualStudioVersion = 10.0.40219.1
Project("{2150E333-8FDC-42A3-9474-1A3956D46DE8}") = "Backend", "Backend", "{28471762-B0EF-4535-B758-A4564F6C2159}"
EndProject
Project("{2150E333-8FDC-42A3-9474-1A3956D46DE8}") = "src", "src", "{1BA7634D-B06B-41AE-ADA9-8427B99A0301}"
EndProject
Project("{9A19103F-16F7-4668-BE54-9A1E7A4F7556}") = "AngularAPI", "Backend\src\AngularAPI\AngularAPI.csproj", "{6337A77E-8F47-4CC2-B63A-CDC7AFE27D3A}"
EndProject
Global
	GlobalSection(SolutionConfigurationPlatforms) = preSolution
		Debug|Any CPU = Debug|Any CPU
		Release|Any CPU = Release|Any CPU
	EndGlobalSection
	GlobalSection(ProjectConfigurationPlatforms) = postSolution
		{6337A77E-8F47-4CC2-B63A-CDC7AFE27D3A}.Debug|Any CPU.ActiveCfg = Debug|Any CPU
		{6337A77E-8F47-4CC2-B63A-CDC7AFE27D3A}.Debug|Any CPU.Build.0 = Debug|Any CPU
		{6337A77E-8F47-4CC2-B63A-CDC7AFE27D3A}.Release|Any CPU.ActiveCfg = Release|Any CPU
		{6337A77E-8F47-4CC2-B63A-CDC7AFE27D3A}.Release|Any CPU.Build.0 = Release|Any CPU
	EndGlobalSection
	GlobalSection(SolutionProperties) = preSolution
		HideSolutionNode = FALSE
	EndGlobalSection
	GlobalSection(NestedProjects) = preSolution
		{1BA7634D-B06B-41AE-ADA9-8427B99A0301} = {28471762-B0EF-4535-B758-A4564F6C2159}
		{6337A77E-8F47-4CC2-B63A-CDC7AFE27D3A} = {1BA7634D-B06B-41AE-ADA9-8427B99A0301}
	EndGlobalSection
	GlobalSection(ExtensibilityGlobals) = postSolution
		SolutionGuid = {0D4E8DCC-3BD2-4575-B823-BDB5610ADAD6}
	EndGlobalSection
EndGlobal
